
Microsoft Visual Studio Solution File, Format Version 12.00
# Visual Studio Version 17
VisualStudioVersion = 17.3.32901.215
MinimumVisualStudioVersion = 10.0.40219.1
Project("{FAE04EC0-301F-11D3-BF4B-00C04F79EFBC}") = "LugWheels", "LugWheels\LugWheels.csproj", "{2FC28E6D-3C69-4323-A54B-064E9F727AD5}"
EndProject
Global
	GlobalSection(SolutionConfigurationPlatforms) = preSolution
		Debug|Any CPU = Debug|Any CPU
		Release|Any CPU = Release|Any CPU
	EndGlobalSection
	GlobalSection(ProjectConfigurationPlatforms) = postSolution
		{2FC28E6D-3C69-4323-A54B-064E9F727AD5}.Debug|Any CPU.ActiveCfg = Debug|Any CPU
		{2FC28E6D-3C69-4323-A54B-064E9F727AD5}.Debug|Any CPU.Build.0 = Debug|Any CPU
		{2FC28E6D-3C69-4323-A54B-064E9F727AD5}.Release|Any CPU.ActiveCfg = Release|Any CPU
		{2FC28E6D-3C69-4323-A54B-064E9F727AD5}.Release|Any CPU.Build.0 = Release|Any CPU
	EndGlobalSection
	GlobalSection(SolutionProperties) = preSolution
		HideSolutionNode = FALSE
	EndGlobalSection
	GlobalSection(ExtensibilityGlobals) = postSolution
		SolutionGuid = {C4C090B9-2E78-43D8-947E-27226DD7122A}
	EndGlobalSection
EndGlobal
